
Microsoft Visual Studio Solution File, Format Version 12.00
# Visual Studio Version 16
VisualStudioVersion = 16.0.29025.244
MinimumVisualStudioVersion = 10.0.40219.1
Project("{9A19103F-16F7-4668-BE54-9A1E7A4F7556}") = "MailSort", "MailSort\MailSort.csproj", "{ECD8532D-09B6-4F32-845B-EA40353916CB}"
EndProject
Project("{9A19103F-16F7-4668-BE54-9A1E7A4F7556}") = "MailSortTest", "MailSortTest\MailSortTest.csproj", "{C441D148-FE13-4752-AECF-2947AA85D2F8}"
EndProject
Project("{9A19103F-16F7-4668-BE54-9A1E7A4F7556}") = "MailSortAPI", "MailSortAPI\MailSortAPI.csproj", "{F0BE2497-DA31-4909-8DE7-710A7A98872A}"
EndProject
Project("{9A19103F-16F7-4668-BE54-9A1E7A4F7556}") = "MailDTO", "MailDTO\MailDTO.csproj", "{35F08FFC-5794-4307-B7CD-270448BF4862}"
EndProject
Project("{FAE04EC0-301F-11D3-BF4B-00C04F79EFBC}") = "MailSortBL", "MailSortBL\MailSortBL.csproj", "{DA3B0CD6-0E5C-404A-B58F-8DAB738BA3DC}"
EndProject
Global
	GlobalSection(SolutionConfigurationPlatforms) = preSolution
		Debug|Any CPU = Debug|Any CPU
		Release|Any CPU = Release|Any CPU
	EndGlobalSection
	GlobalSection(ProjectConfigurationPlatforms) = postSolution
		{ECD8532D-09B6-4F32-845B-EA40353916CB}.Debug|Any CPU.ActiveCfg = Debug|Any CPU
		{ECD8532D-09B6-4F32-845B-EA40353916CB}.Debug|Any CPU.Build.0 = Debug|Any CPU
		{ECD8532D-09B6-4F32-845B-EA40353916CB}.Release|Any CPU.ActiveCfg = Release|Any CPU
		{ECD8532D-09B6-4F32-845B-EA40353916CB}.Release|Any CPU.Build.0 = Release|Any CPU
		{C441D148-FE13-4752-AECF-2947AA85D2F8}.Debug|Any CPU.ActiveCfg = Debug|Any CPU
		{C441D148-FE13-4752-AECF-2947AA85D2F8}.Debug|Any CPU.Build.0 = Debug|Any CPU
		{C441D148-FE13-4752-AECF-2947AA85D2F8}.Release|Any CPU.ActiveCfg = Release|Any CPU
		{C441D148-FE13-4752-AECF-2947AA85D2F8}.Release|Any CPU.Build.0 = Release|Any CPU
		{F0BE2497-DA31-4909-8DE7-710A7A98872A}.Debug|Any CPU.ActiveCfg = Debug|Any CPU
		{F0BE2497-DA31-4909-8DE7-710A7A98872A}.Debug|Any CPU.Build.0 = Debug|Any CPU
		{F0BE2497-DA31-4909-8DE7-710A7A98872A}.Release|Any CPU.ActiveCfg = Release|Any CPU
		{F0BE2497-DA31-4909-8DE7-710A7A98872A}.Release|Any CPU.Build.0 = Release|Any CPU
		{35F08FFC-5794-4307-B7CD-270448BF4862}.Debug|Any CPU.ActiveCfg = Debug|Any CPU
		{35F08FFC-5794-4307-B7CD-270448BF4862}.Debug|Any CPU.Build.0 = Debug|Any CPU
		{35F08FFC-5794-4307-B7CD-270448BF4862}.Release|Any CPU.ActiveCfg = Release|Any CPU
		{35F08FFC-5794-4307-B7CD-270448BF4862}.Release|Any CPU.Build.0 = Release|Any CPU
		{DA3B0CD6-0E5C-404A-B58F-8DAB738BA3DC}.Debug|Any CPU.ActiveCfg = Debug|Any CPU
		{DA3B0CD6-0E5C-404A-B58F-8DAB738BA3DC}.Debug|Any CPU.Build.0 = Debug|Any CPU
		{DA3B0CD6-0E5C-404A-B58F-8DAB738BA3DC}.Release|Any CPU.ActiveCfg = Release|Any CPU
		{DA3B0CD6-0E5C-404A-B58F-8DAB738BA3DC}.Release|Any CPU.Build.0 = Release|Any CPU
	EndGlobalSection
	GlobalSection(SolutionProperties) = preSolution
		HideSolutionNode = FALSE
	EndGlobalSection
	GlobalSection(ExtensibilityGlobals) = postSolution
		SolutionGuid = {014FFB0D-0D43-404D-9C05-048FFBF8783B}
	EndGlobalSection
EndGlobal
